
Microsoft Visual Studio Solution File, Format Version 12.00
# Visual Studio Version 16
VisualStudioVersion = 16.0.29920.165
MinimumVisualStudioVersion = 10.0.40219.1
Project("{9A19103F-16F7-4668-BE54-9A1E7A4F7556}") = "api_dijeta_", "api_dijeta_\api_dijeta_.csproj", "{E0503ED8-125C-4CE3-8F1E-6F3FF54F2E08}"
EndProject
Project("{9A19103F-16F7-4668-BE54-9A1E7A4F7556}") = "api_dijeta_data", "api_dijeta\api_dijeta_data.csproj", "{C7346241-EB0F-449D-B8EE-A539FA104896}"
EndProject
Global
	GlobalSection(SolutionConfigurationPlatforms) = preSolution
		Debug|Any CPU = Debug|Any CPU
		Release|Any CPU = Release|Any CPU
	EndGlobalSection
	GlobalSection(ProjectConfigurationPlatforms) = postSolution
		{E0503ED8-125C-4CE3-8F1E-6F3FF54F2E08}.Debug|Any CPU.ActiveCfg = Debug|Any CPU
		{E0503ED8-125C-4CE3-8F1E-6F3FF54F2E08}.Debug|Any CPU.Build.0 = Debug|Any CPU
		{E0503ED8-125C-4CE3-8F1E-6F3FF54F2E08}.Release|Any CPU.ActiveCfg = Release|Any CPU
		{E0503ED8-125C-4CE3-8F1E-6F3FF54F2E08}.Release|Any CPU.Build.0 = Release|Any CPU
		{C7346241-EB0F-449D-B8EE-A539FA104896}.Debug|Any CPU.ActiveCfg = Debug|Any CPU
		{C7346241-EB0F-449D-B8EE-A539FA104896}.Debug|Any CPU.Build.0 = Debug|Any CPU
		{C7346241-EB0F-449D-B8EE-A539FA104896}.Release|Any CPU.ActiveCfg = Release|Any CPU
		{C7346241-EB0F-449D-B8EE-A539FA104896}.Release|Any CPU.Build.0 = Release|Any CPU
	EndGlobalSection
	GlobalSection(SolutionProperties) = preSolution
		HideSolutionNode = FALSE
	EndGlobalSection
	GlobalSection(ExtensibilityGlobals) = postSolution
		SolutionGuid = {FCA86AFD-7377-420D-A37A-D57686CB76E9}
	EndGlobalSection
EndGlobal
